
Microsoft Visual Studio Solution File, Format Version 12.00
# Visual Studio Version 17
VisualStudioVersion = 17.1.32228.430
MinimumVisualStudioVersion = 10.0.40219.1
Project("{FAE04EC0-301F-11D3-BF4B-00C04F79EFBC}") = "Dawaj", "Dawaj\Dawaj.csproj", "{7F4053B0-BD22-490C-9315-A85D696F73D8}"
EndProject
Global
	GlobalSection(SolutionConfigurationPlatforms) = preSolution
		Debug|Any CPU = Debug|Any CPU
		Release|Any CPU = Release|Any CPU
	EndGlobalSection
	GlobalSection(ProjectConfigurationPlatforms) = postSolution
		{7F4053B0-BD22-490C-9315-A85D696F73D8}.Debug|Any CPU.ActiveCfg = Debug|Any CPU
		{7F4053B0-BD22-490C-9315-A85D696F73D8}.Debug|Any CPU.Build.0 = Debug|Any CPU
		{7F4053B0-BD22-490C-9315-A85D696F73D8}.Release|Any CPU.ActiveCfg = Release|Any CPU
		{7F4053B0-BD22-490C-9315-A85D696F73D8}.Release|Any CPU.Build.0 = Release|Any CPU
	EndGlobalSection
	GlobalSection(SolutionProperties) = preSolution
		HideSolutionNode = FALSE
	EndGlobalSection
	GlobalSection(ExtensibilityGlobals) = postSolution
		SolutionGuid = {3F7B0450-C45B-47ED-8AAA-34E351C4F945}
	EndGlobalSection
EndGlobal
